
Microsoft Visual Studio Solution File, Format Version 12.00
# Visual Studio Version 17
VisualStudioVersion = 17.14.36414.22 d17.14
MinimumVisualStudioVersion = 10.0.40219.1
Project("{FAE04EC0-301F-11D3-BF4B-00C04F79EFBC}") = "Product_Registration_Portals", "Product_Registration_Portals.csproj", "{2DAEEBE7-FDF4-4244-939B-62C8A6AE987E}"
EndProject
Global
	GlobalSection(SolutionConfigurationPlatforms) = preSolution
		Debug|Any CPU = Debug|Any CPU
		Release|Any CPU = Release|Any CPU
	EndGlobalSection
	GlobalSection(ProjectConfigurationPlatforms) = postSolution
		{2DAEEBE7-FDF4-4244-939B-62C8A6AE987E}.Debug|Any CPU.ActiveCfg = Debug|Any CPU
		{2DAEEBE7-FDF4-4244-939B-62C8A6AE987E}.Debug|Any CPU.Build.0 = Debug|Any CPU
		{2DAEEBE7-FDF4-4244-939B-62C8A6AE987E}.Release|Any CPU.ActiveCfg = Release|Any CPU
		{2DAEEBE7-FDF4-4244-939B-62C8A6AE987E}.Release|Any CPU.Build.0 = Release|Any CPU
	EndGlobalSection
	GlobalSection(SolutionProperties) = preSolution
		HideSolutionNode = FALSE
	EndGlobalSection
	GlobalSection(ExtensibilityGlobals) = postSolution
		SolutionGuid = {0AD17703-0E61-4D19-9C7E-463A92700023}
	EndGlobalSection
EndGlobal
